// !$*UTF8*$!
{
	archiveVersion = 1;
	classes = {
	};
	objectVersion = 50;
	objects = {

/* Begin PBXBuildFile section */
		3A53677F23811FC800C9A5BD /* AppDelegate.swift in Sources */ = {isa = PBXBuildFile; fileRef = 3A53677E23811FC800C9A5BD /* AppDelegate.swift */; };
		3A53678123811FC800C9A5BD /* ViewController.swift in Sources */ = {isa = PBXBuildFile; fileRef = 3A53678023811FC800C9A5BD /* ViewController.swift */; };
		3A53678323811FCA00C9A5BD /* Assets.xcassets in Resources */ = {isa = PBXBuildFile; fileRef = 3A53678223811FCA00C9A5BD /* Assets.xcassets */; };
		3A53678623811FCA00C9A5BD /* Main.storyboard in Resources */ = {isa = PBXBuildFile; fileRef = 3A53678423811FCA00C9A5BD /* Main.storyboard */; };
		3A53678C2381261200C9A5BD /* Device.swift in Sources */ = {isa = PBXBuildFile; fileRef = 3A2829002366EBB800CC93FA /* Device.swift */; };
		3A53678D23814E0300C9A5BD /* DriverHelper.swift in Sources */ = {isa = PBXBuildFile; fileRef = 3AFBF3972361EF6B00522537 /* DriverHelper.swift */; };
		3A53678E23814E0600C9A5BD /* IOUSBDetector.swift in Sources */ = {isa = PBXBuildFile; fileRef = 3A2828FE2365D75B00CC93FA /* IOUSBDetector.swift */; };
		3A983999238F421900818D7E /* DeviceManager.swift in Sources */ = {isa = PBXBuildFile; fileRef = 3A983997238F421900818D7E /* DeviceManager.swift */; };
		3A9839A02394FE3400818D7E /* CollectionExtension.swift in Sources */ = {isa = PBXBuildFile; fileRef = 3A98399E2394FE3400818D7E /* CollectionExtension.swift */; };
		3A9839A22395D89500818D7E /* DeviceListVC.swift in Sources */ = {isa = PBXBuildFile; fileRef = 3A9839A12395D89500818D7E /* DeviceListVC.swift */; };
		3A9839A423962D4200818D7E /* SceneKitVC.swift in Sources */ = {isa = PBXBuildFile; fileRef = 3A9839A323962D4200818D7E /* SceneKitVC.swift */; };
		3A9839A82396308900818D7E /* xboxController.scn in Resources */ = {isa = PBXBuildFile; fileRef = 3A9839A72396308900818D7E /* xboxController.scn */; };
		3AEDD7AA239D42410030C3EB /* IOExtension.swift in Sources */ = {isa = PBXBuildFile; fileRef = 3AEDD7A9239D42410030C3EB /* IOExtension.swift */; };
		3AEDD7AC239DC7790030C3EB /* DeviceConfiguration.swift in Sources */ = {isa = PBXBuildFile; fileRef = 3AEDD7AB239DC7790030C3EB /* DeviceConfiguration.swift */; };
		3AEDD7AE239DF3BB0030C3EB /* DeviceEvent.swift in Sources */ = {isa = PBXBuildFile; fileRef = 3AEDD7AD239DF3BB0030C3EB /* DeviceEvent.swift */; };
		3AEDD7B0239E97A70030C3EB /* SceneHelper.swift in Sources */ = {isa = PBXBuildFile; fileRef = 3AEDD7AF239E97A70030C3EB /* SceneHelper.swift */; };
/* End PBXBuildFile section */

/* Begin PBXFileReference section */
		3A2828FE2365D75B00CC93FA /* IOUSBDetector.swift */ = {isa = PBXFileReference; lastKnownFileType = sourcecode.swift; path = IOUSBDetector.swift; sourceTree = "<group>"; };
		3A2829002366EBB800CC93FA /* Device.swift */ = {isa = PBXFileReference; lastKnownFileType = sourcecode.swift; path = Device.swift; sourceTree = "<group>"; };
		3A53677C23811FC800C9A5BD /* DemoApp.app */ = {isa = PBXFileReference; explicitFileType = wrapper.application; includeInIndex = 0; path = DemoApp.app; sourceTree = BUILT_PRODUCTS_DIR; };
		3A53677E23811FC800C9A5BD /* AppDelegate.swift */ = {isa = PBXFileReference; lastKnownFileType = sourcecode.swift; path = AppDelegate.swift; sourceTree = "<group>"; };
		3A53678023811FC800C9A5BD /* ViewController.swift */ = {isa = PBXFileReference; lastKnownFileType = sourcecode.swift; path = ViewController.swift; sourceTree = "<group>"; };
		3A53678223811FCA00C9A5BD /* Assets.xcassets */ = {isa = PBXFileReference; lastKnownFileType = folder.assetcatalog; path = Assets.xcassets; sourceTree = "<group>"; };
		3A53678523811FCA00C9A5BD /* Base */ = {isa = PBXFileReference; lastKnownFileType = file.storyboard; name = Base; path = Base.lproj/Main.storyboard; sourceTree = "<group>"; };
		3A53678723811FCA00C9A5BD /* Info.plist */ = {isa = PBXFileReference; lastKnownFileType = text.plist.xml; path = Info.plist; sourceTree = "<group>"; };
		3A53678823811FCA00C9A5BD /* DemoApp.entitlements */ = {isa = PBXFileReference; lastKnownFileType = text.plist.entitlements; path = DemoApp.entitlements; sourceTree = "<group>"; };
		3A983997238F421900818D7E /* DeviceManager.swift */ = {isa = PBXFileReference; lastKnownFileType = sourcecode.swift; path = DeviceManager.swift; sourceTree = "<group>"; };
		3A98399E2394FE3400818D7E /* CollectionExtension.swift */ = {isa = PBXFileReference; lastKnownFileType = sourcecode.swift; path = CollectionExtension.swift; sourceTree = "<group>"; };
		3A9839A12395D89500818D7E /* DeviceListVC.swift */ = {isa = PBXFileReference; lastKnownFileType = sourcecode.swift; path = DeviceListVC.swift; sourceTree = "<group>"; };
		3A9839A323962D4200818D7E /* SceneKitVC.swift */ = {isa = PBXFileReference; lastKnownFileType = sourcecode.swift; path = SceneKitVC.swift; sourceTree = "<group>"; };
		3A9839A72396308900818D7E /* xboxController.scn */ = {isa = PBXFileReference; lastKnownFileType = file.bplist; path = xboxController.scn; sourceTree = "<group>"; };
		3AEDD7A9239D42410030C3EB /* IOExtension.swift */ = {isa = PBXFileReference; lastKnownFileType = sourcecode.swift; path = IOExtension.swift; sourceTree = "<group>"; };
		3AEDD7AB239DC7790030C3EB /* DeviceConfiguration.swift */ = {isa = PBXFileReference; lastKnownFileType = sourcecode.swift; path = DeviceConfiguration.swift; sourceTree = "<group>"; };
		3AEDD7AD239DF3BB0030C3EB /* DeviceEvent.swift */ = {isa = PBXFileReference; lastKnownFileType = sourcecode.swift; path = DeviceEvent.swift; sourceTree = "<group>"; };
		3AEDD7AF239E97A70030C3EB /* SceneHelper.swift */ = {isa = PBXFileReference; lastKnownFileType = sourcecode.swift; path = SceneHelper.swift; sourceTree = "<group>"; };
		3AFBF3972361EF6B00522537 /* DriverHelper.swift */ = {isa = PBXFileReference; lastKnownFileType = sourcecode.swift; path = DriverHelper.swift; sourceTree = "<group>"; };
/* End PBXFileReference section */

/* Begin PBXFrameworksBuildPhase section */
		3A53677923811FC800C9A5BD /* Frameworks */ = {
			isa = PBXFrameworksBuildPhase;
			buildActionMask = 2147483647;
			files = (
			);
			runOnlyForDeploymentPostprocessing = 0;
		};
/* End PBXFrameworksBuildPhase section */

/* Begin PBXGroup section */
		3A2829022366EBBD00CC93FA /* Model */ = {
			isa = PBXGroup;
			children = (
				3A2829002366EBB800CC93FA /* Device.swift */,
				3AEDD7AB239DC7790030C3EB /* DeviceConfiguration.swift */,
				3AEDD7AD239DF3BB0030C3EB /* DeviceEvent.swift */,
			);
			path = Model;
			sourceTree = "<group>";
		};
		3A53677D23811FC800C9A5BD /* DemoApp */ = {
			isa = PBXGroup;
			children = (
				3A53677E23811FC800C9A5BD /* AppDelegate.swift */,
				3A53678023811FC800C9A5BD /* ViewController.swift */,
				3A9839A12395D89500818D7E /* DeviceListVC.swift */,
				3A9839A323962D4200818D7E /* SceneKitVC.swift */,
				3A9839A72396308900818D7E /* xboxController.scn */,
				3A53678223811FCA00C9A5BD /* Assets.xcassets */,
				3A53678423811FCA00C9A5BD /* Main.storyboard */,
				3A53678723811FCA00C9A5BD /* Info.plist */,
				3A53678823811FCA00C9A5BD /* DemoApp.entitlements */,
			);
			path = DemoApp;
			sourceTree = "<group>";
		};
		3A92E80E238C9A5000EF837A /* BaseCode */ = {
			isa = PBXGroup;
			children = (
				3AFBF3972361EF6B00522537 /* DriverHelper.swift */,
				3A2828FE2365D75B00CC93FA /* IOUSBDetector.swift */,
				3AEDD7AF239E97A70030C3EB /* SceneHelper.swift */,
				3AAB5DAF23844624009F7465 /* Manager */,
				3A2829022366EBBD00CC93FA /* Model */,
				3A98399D2394FE2000818D7E /* Extension */,
			);
			path = BaseCode;
			sourceTree = "<group>";
		};
		3A98399D2394FE2000818D7E /* Extension */ = {
			isa = PBXGroup;
			children = (
				3A98399E2394FE3400818D7E /* CollectionExtension.swift */,
				3AEDD7A9239D42410030C3EB /* IOExtension.swift */,
			);
			path = Extension;
			sourceTree = "<group>";
		};
		3AAB5DAF23844624009F7465 /* Manager */ = {
			isa = PBXGroup;
			children = (
				3A983997238F421900818D7E /* DeviceManager.swift */,
			);
			path = Manager;
			sourceTree = "<group>";
		};
		3AFBF3782361EC5E00522537 = {
			isa = PBXGroup;
			children = (
				3A92E80E238C9A5000EF837A /* BaseCode */,
				3A53677D23811FC800C9A5BD /* DemoApp */,
				3AFBF3822361EC5E00522537 /* Products */,
			);
			sourceTree = "<group>";
		};
		3AFBF3822361EC5E00522537 /* Products */ = {
			isa = PBXGroup;
			children = (
				3A53677C23811FC800C9A5BD /* DemoApp.app */,
			);
			name = Products;
			sourceTree = "<group>";
		};
/* End PBXGroup section */

/* Begin PBXNativeTarget section */
		3A53677B23811FC800C9A5BD /* DemoApp */ = {
			isa = PBXNativeTarget;
			buildConfigurationList = 3A53678B23811FCA00C9A5BD /* Build configuration list for PBXNativeTarget "DemoApp" */;
			buildPhases = (
				3A53677823811FC800C9A5BD /* Sources */,
				3A53677923811FC800C9A5BD /* Frameworks */,
				3A53677A23811FC800C9A5BD /* Resources */,
			);
			buildRules = (
			);
			dependencies = (
			);
			name = DemoApp;
			productName = DemoApp;
			productReference = 3A53677C23811FC800C9A5BD /* DemoApp.app */;
			productType = "com.apple.product-type.application";
		};
/* End PBXNativeTarget section */

/* Begin PBXProject section */
		3AFBF3792361EC5E00522537 /* Project object */ = {
			isa = PBXProject;
			attributes = {
				LastSwiftUpdateCheck = 1120;
				LastUpgradeCheck = 1100;
				ORGANIZATIONNAME = GalvinLi;
				TargetAttributes = {
					3A53677B23811FC800C9A5BD = {
						CreatedOnToolsVersion = 11.2.1;
					};
				};
			};
			buildConfigurationList = 3AFBF37C2361EC5E00522537 /* Build configuration list for PBXProject "ControllerApp" */;
			compatibilityVersion = "Xcode 9.3";
			developmentRegion = en;
			hasScannedForEncodings = 0;
			knownRegions = (
				en,
				Base,
			);
			mainGroup = 3AFBF3782361EC5E00522537;
			productRefGroup = 3AFBF3822361EC5E00522537 /* Products */;
			projectDirPath = "";
			projectRoot = "";
			targets = (
				3A53677B23811FC800C9A5BD /* DemoApp */,
			);
		};
/* End PBXProject section */

/* Begin PBXResourcesBuildPhase section */
		3A53677A23811FC800C9A5BD /* Resources */ = {
			isa = PBXResourcesBuildPhase;
			buildActionMask = 2147483647;
			files = (
				3A53678323811FCA00C9A5BD /* Assets.xcassets in Resources */,
				3A9839A82396308900818D7E /* xboxController.scn in Resources */,
				3A53678623811FCA00C9A5BD /* Main.storyboard in Resources */,
			);
			runOnlyForDeploymentPostprocessing = 0;
		};
/* End PBXResourcesBuildPhase section */

/* Begin PBXSourcesBuildPhase section */
		3A53677823811FC800C9A5BD /* Sources */ = {
			isa = PBXSourcesBuildPhase;
			buildActionMask = 2147483647;
			files = (
				3A53678C2381261200C9A5BD /* Device.swift in Sources */,
				3A9839A02394FE3400818D7E /* CollectionExtension.swift in Sources */,
				3AEDD7B0239E97A70030C3EB /* SceneHelper.swift in Sources */,
				3AEDD7AC239DC7790030C3EB /* DeviceConfiguration.swift in Sources */,
				3A9839A22395D89500818D7E /* DeviceListVC.swift in Sources */,
				3A983999238F421900818D7E /* DeviceManager.swift in Sources */,
				3A53678D23814E0300C9A5BD /* DriverHelper.swift in Sources */,
				3AEDD7AA239D42410030C3EB /* IOExtension.swift in Sources */,
				3A9839A423962D4200818D7E /* SceneKitVC.swift in Sources */,
				3A53678123811FC800C9A5BD /* ViewController.swift in Sources */,
				3A53677F23811FC800C9A5BD /* AppDelegate.swift in Sources */,
				3AEDD7AE239DF3BB0030C3EB /* DeviceEvent.swift in Sources */,
				3A53678E23814E0600C9A5BD /* IOUSBDetector.swift in Sources */,
			);
			runOnlyForDeploymentPostprocessing = 0;
		};
/* End PBXSourcesBuildPhase section */

/* Begin PBXVariantGroup section */
		3A53678423811FCA00C9A5BD /* Main.storyboard */ = {
			isa = PBXVariantGroup;
			children = (
				3A53678523811FCA00C9A5BD /* Base */,
			);
			name = Main.storyboard;
			sourceTree = "<group>";
		};
/* End PBXVariantGroup section */

/* Begin XCBuildConfiguration section */
		3A53678923811FCA00C9A5BD /* Debug */ = {
			isa = XCBuildConfiguration;
			buildSettings = {
				ASSETCATALOG_COMPILER_APPICON_NAME = AppIcon;
				CODE_SIGN_ENTITLEMENTS = DemoApp/DemoApp.entitlements;
				CODE_SIGN_STYLE = Automatic;
				COMBINE_HIDPI_IMAGES = YES;
				DEVELOPMENT_TEAM = 52G28TQG59;
				ENABLE_HARDENED_RUNTIME = YES;
				INFOPLIST_FILE = DemoApp/Info.plist;
				LD_RUNPATH_SEARCH_PATHS = (
					"$(inherited)",
					"@executable_path/../Frameworks",
				);
				MACOSX_DEPLOYMENT_TARGET = 10.12;
				PRODUCT_BUNDLE_IDENTIFIER = com.galvin.DemoApp;
				PRODUCT_NAME = "$(TARGET_NAME)";
				SWIFT_VERSION = 5.0;
			};
			name = Debug;
		};
		3A53678A23811FCA00C9A5BD /* Release */ = {
			isa = XCBuildConfiguration;
			buildSettings = {
				ASSETCATALOG_COMPILER_APPICON_NAME = AppIcon;
				CODE_SIGN_ENTITLEMENTS = DemoApp/DemoApp.entitlements;
				CODE_SIGN_STYLE = Automatic;
				COMBINE_HIDPI_IMAGES = YES;
				DEVELOPMENT_TEAM = 52G28TQG59;
				ENABLE_HARDENED_RUNTIME = YES;
				INFOPLIST_FILE = DemoApp/Info.plist;
				LD_RUNPATH_SEARCH_PATHS = (
					"$(inherited)",
					"@executable_path/../Frameworks",
				);
				MACOSX_DEPLOYMENT_TARGET = 10.12;
				PRODUCT_BUNDLE_IDENTIFIER = com.galvin.DemoApp;
				PRODUCT_NAME = "$(TARGET_NAME)";
				SWIFT_VERSION = 5.0;
			};
			name = Release;
		};
		3AFBF3922361EC6100522537 /* Debug */ = {
			isa = XCBuildConfiguration;
			buildSettings = {
				ALWAYS_SEARCH_USER_PATHS = NO;
				CLANG_ANALYZER_NONNULL = YES;
				CLANG_ANALYZER_NUMBER_OBJECT_CONVERSION = YES_AGGRESSIVE;
				CLANG_CXX_LANGUAGE_STANDARD = "gnu++14";
				CLANG_CXX_LIBRARY = "libc++";
				CLANG_ENABLE_MODULES = YES;
				CLANG_ENABLE_OBJC_ARC = YES;
				CLANG_ENABLE_OBJC_WEAK = YES;
				CLANG_WARN_BLOCK_CAPTURE_AUTORELEASING = YES;
				CLANG_WARN_BOOL_CONVERSION = YES;
				CLANG_WARN_COMMA = YES;
				CLANG_WARN_CONSTANT_CONVERSION = YES;
				CLANG_WARN_DEPRECATED_OBJC_IMPLEMENTATIONS = YES;
				CLANG_WARN_DIRECT_OBJC_ISA_USAGE = YES_ERROR;
				CLANG_WARN_DOCUMENTATION_COMMENTS = YES;
				CLANG_WARN_EMPTY_BODY = YES;
				CLANG_WARN_ENUM_CONVERSION = YES;
				CLANG_WARN_INFINITE_RECURSION = YES;
				CLANG_WARN_INT_CONVERSION = YES;
				CLANG_WARN_NON_LITERAL_NULL_CONVERSION = YES;
				CLANG_WARN_OBJC_IMPLICIT_RETAIN_SELF = YES;
				CLANG_WARN_OBJC_LITERAL_CONVERSION = YES;
				CLANG_WARN_OBJC_ROOT_CLASS = YES_ERROR;
				CLANG_WARN_RANGE_LOOP_ANALYSIS = YES;
				CLANG_WARN_STRICT_PROTOTYPES = YES;
				CLANG_WARN_SUSPICIOUS_MOVE = YES;
				CLANG_WARN_UNGUARDED_AVAILABILITY = YES_AGGRESSIVE;
				CLANG_WARN_UNREACHABLE_CODE = YES;
				CLANG_WARN__DUPLICATE_METHOD_MATCH = YES;
				COPY_PHASE_STRIP = NO;
				DEBUG_INFORMATION_FORMAT = dwarf;
				ENABLE_STRICT_OBJC_MSGSEND = YES;
				ENABLE_TESTABILITY = YES;
				GCC_C_LANGUAGE_STANDARD = gnu11;
				GCC_DYNAMIC_NO_PIC = NO;
				GCC_NO_COMMON_BLOCKS = YES;
				GCC_OPTIMIZATION_LEVEL = 0;
				GCC_PREPROCESSOR_DEFINITIONS = (
					"DEBUG=1",
					"$(inherited)",
				);
				GCC_WARN_64_TO_32_BIT_CONVERSION = YES;
				GCC_WARN_ABOUT_RETURN_TYPE = YES_ERROR;
				GCC_WARN_UNDECLARED_SELECTOR = YES;
				GCC_WARN_UNINITIALIZED_AUTOS = YES_AGGRESSIVE;
				GCC_WARN_UNUSED_FUNCTION = YES;
				GCC_WARN_UNUSED_VARIABLE = YES;
				MACOSX_DEPLOYMENT_TARGET = 10.12;
				MTL_ENABLE_DEBUG_INFO = INCLUDE_SOURCE;
				MTL_FAST_MATH = YES;
				ONLY_ACTIVE_ARCH = YES;
				SDKROOT = macosx;
				SWIFT_ACTIVE_COMPILATION_CONDITIONS = DEBUG;
				SWIFT_OPTIMIZATION_LEVEL = "-Onone";
			};
			name = Debug;
		};
		3AFBF3932361EC6100522537 /* Release */ = {
			isa = XCBuildConfiguration;
			buildSettings = {
				ALWAYS_SEARCH_USER_PATHS = NO;
				CLANG_ANALYZER_NONNULL = YES;
				CLANG_ANALYZER_NUMBER_OBJECT_CONVERSION = YES_AGGRESSIVE;
				CLANG_CXX_LANGUAGE_STANDARD = "gnu++14";
				CLANG_CXX_LIBRARY = "libc++";
				CLANG_ENABLE_MODULES = YES;
				CLANG_ENABLE_OBJC_ARC = YES;
				CLANG_ENABLE_OBJC_WEAK = YES;
				CLANG_WARN_BLOCK_CAPTURE_AUTORELEASING = YES;
				CLANG_WARN_BOOL_CONVERSION = YES;
				CLANG_WARN_COMMA = YES;
				CLANG_WARN_CONSTANT_CONVERSION = YES;
				CLANG_WARN_DEPRECATED_OBJC_IMPLEMENTATIONS = YES;
				CLANG_WARN_DIRECT_OBJC_ISA_USAGE = YES_ERROR;
				CLANG_WARN_DOCUMENTATION_COMMENTS = YES;
				CLANG_WARN_EMPTY_BODY = YES;
				CLANG_WARN_ENUM_CONVERSION = YES;
				CLANG_WARN_INFINITE_RECURSION = YES;
				CLANG_WARN_INT_CONVERSION = YES;
				CLANG_WARN_NON_LITERAL_NULL_CONVERSION = YES;
				CLANG_WARN_OBJC_IMPLICIT_RETAIN_SELF = YES;
				CLANG_WARN_OBJC_LITERAL_CONVERSION = YES;
				CLANG_WARN_OBJC_ROOT_CLASS = YES_ERROR;
				CLANG_WARN_RANGE_LOOP_ANALYSIS = YES;
				CLANG_WARN_STRICT_PROTOTYPES = YES;
				CLANG_WARN_SUSPICIOUS_MOVE = YES;
				CLANG_WARN_UNGUARDED_AVAILABILITY = YES_AGGRESSIVE;
				CLANG_WARN_UNREACHABLE_CODE = YES;
				CLANG_WARN__DUPLICATE_METHOD_MATCH = YES;
				COPY_PHASE_STRIP = NO;
				DEBUG_INFORMATION_FORMAT = "dwarf-with-dsym";
				ENABLE_NS_ASSERTIONS = NO;
				ENABLE_STRICT_OBJC_MSGSEND = YES;
				GCC_C_LANGUAGE_STANDARD = gnu11;
				GCC_NO_COMMON_BLOCKS = YES;
				GCC_WARN_64_TO_32_BIT_CONVERSION = YES;
				GCC_WARN_ABOUT_RETURN_TYPE = YES_ERROR;
				GCC_WARN_UNDECLARED_SELECTOR = YES;
				GCC_WARN_UNINITIALIZED_AUTOS = YES_AGGRESSIVE;
				GCC_WARN_UNUSED_FUNCTION = YES;
				GCC_WARN_UNUSED_VARIABLE = YES;
				MACOSX_DEPLOYMENT_TARGET = 10.12;
				MTL_ENABLE_DEBUG_INFO = NO;
				MTL_FAST_MATH = YES;
				SDKROOT = macosx;
				SWIFT_COMPILATION_MODE = wholemodule;
				SWIFT_OPTIMIZATION_LEVEL = "-O";
			};
			name = Release;
		};
/* End XCBuildConfiguration section */

/* Begin XCConfigurationList section */
		3A53678B23811FCA00C9A5BD /* Build configuration list for PBXNativeTarget "DemoApp" */ = {
			isa = XCConfigurationList;
			buildConfigurations = (
				3A53678923811FCA00C9A5BD /* Debug */,
				3A53678A23811FCA00C9A5BD /* Release */,
			);
			defaultConfigurationIsVisible = 0;
			defaultConfigurationName = Release;
		};
		3AFBF37C2361EC5E00522537 /* Build configuration list for PBXProject "ControllerApp" */ = {
			isa = XCConfigurationList;
			buildConfigurations = (
				3AFBF3922361EC6100522537 /* Debug */,
				3AFBF3932361EC6100522537 /* Release */,
			);
			defaultConfigurationIsVisible = 0;
			defaultConfigurationName = Release;
		};
/* End XCConfigurationList section */
	};
	rootObject = 3AFBF3792361EC5E00522537 /* Project object */;
}
