// !$*UTF8*$!
{
	archiveVersion = 1;
	classes = {
	};
	objectVersion = 50;
	objects = {

/* Begin PBXBuildFile section */
		3A2828FF2365D75B00CC93FA /* IOUSBDetector.swift in Sources */ = {isa = PBXBuildFile; fileRef = 3A2828FE2365D75B00CC93FA /* IOUSBDetector.swift */; };
		3A2829012366EBB800CC93FA /* Device.swift in Sources */ = {isa = PBXBuildFile; fileRef = 3A2829002366EBB800CC93FA /* Device.swift */; };
		3AFBF3852361EC5E00522537 /* AppDelegate.swift in Sources */ = {isa = PBXBuildFile; fileRef = 3AFBF3842361EC5E00522537 /* AppDelegate.swift */; };
		3AFBF3872361EC5E00522537 /* ContentView.swift in Sources */ = {isa = PBXBuildFile; fileRef = 3AFBF3862361EC5E00522537 /* ContentView.swift */; };
		3AFBF3892361EC6100522537 /* Assets.xcassets in Resources */ = {isa = PBXBuildFile; fileRef = 3AFBF3882361EC6100522537 /* Assets.xcassets */; };
		3AFBF38C2361EC6100522537 /* Preview Assets.xcassets in Resources */ = {isa = PBXBuildFile; fileRef = 3AFBF38B2361EC6100522537 /* Preview Assets.xcassets */; };
		3AFBF38F2361EC6100522537 /* Main.storyboard in Resources */ = {isa = PBXBuildFile; fileRef = 3AFBF38D2361EC6100522537 /* Main.storyboard */; };
		3AFBF3982361EF6B00522537 /* DriverHelper.swift in Sources */ = {isa = PBXBuildFile; fileRef = 3AFBF3972361EF6B00522537 /* DriverHelper.swift */; };
/* End PBXBuildFile section */

/* Begin PBXFileReference section */
		3A2828FE2365D75B00CC93FA /* IOUSBDetector.swift */ = {isa = PBXFileReference; lastKnownFileType = sourcecode.swift; path = IOUSBDetector.swift; sourceTree = "<group>"; };
		3A2829002366EBB800CC93FA /* Device.swift */ = {isa = PBXFileReference; lastKnownFileType = sourcecode.swift; path = Device.swift; sourceTree = "<group>"; };
		3AFBF3812361EC5E00522537 /* ControllerApp.app */ = {isa = PBXFileReference; explicitFileType = wrapper.application; includeInIndex = 0; path = ControllerApp.app; sourceTree = BUILT_PRODUCTS_DIR; };
		3AFBF3842361EC5E00522537 /* AppDelegate.swift */ = {isa = PBXFileReference; lastKnownFileType = sourcecode.swift; path = AppDelegate.swift; sourceTree = "<group>"; };
		3AFBF3862361EC5E00522537 /* ContentView.swift */ = {isa = PBXFileReference; lastKnownFileType = sourcecode.swift; path = ContentView.swift; sourceTree = "<group>"; };
		3AFBF3882361EC6100522537 /* Assets.xcassets */ = {isa = PBXFileReference; lastKnownFileType = folder.assetcatalog; path = Assets.xcassets; sourceTree = "<group>"; };
		3AFBF38B2361EC6100522537 /* Preview Assets.xcassets */ = {isa = PBXFileReference; lastKnownFileType = folder.assetcatalog; path = "Preview Assets.xcassets"; sourceTree = "<group>"; };
		3AFBF38E2361EC6100522537 /* Base */ = {isa = PBXFileReference; lastKnownFileType = file.storyboard; name = Base; path = Base.lproj/Main.storyboard; sourceTree = "<group>"; };
		3AFBF3902361EC6100522537 /* Info.plist */ = {isa = PBXFileReference; lastKnownFileType = text.plist.xml; path = Info.plist; sourceTree = "<group>"; };
		3AFBF3912361EC6100522537 /* ControllerApp.entitlements */ = {isa = PBXFileReference; lastKnownFileType = text.plist.entitlements; path = ControllerApp.entitlements; sourceTree = "<group>"; };
		3AFBF3972361EF6B00522537 /* DriverHelper.swift */ = {isa = PBXFileReference; lastKnownFileType = sourcecode.swift; path = DriverHelper.swift; sourceTree = "<group>"; };
/* End PBXFileReference section */

/* Begin PBXFrameworksBuildPhase section */
		3AFBF37E2361EC5E00522537 /* Frameworks */ = {
			isa = PBXFrameworksBuildPhase;
			buildActionMask = 2147483647;
			files = (
			);
			runOnlyForDeploymentPostprocessing = 0;
		};
/* End PBXFrameworksBuildPhase section */

/* Begin PBXGroup section */
		3A2829022366EBBD00CC93FA /* Model */ = {
			isa = PBXGroup;
			children = (
				3A2829002366EBB800CC93FA /* Device.swift */,
			);
			path = Model;
			sourceTree = "<group>";
		};
		3AFBF3782361EC5E00522537 = {
			isa = PBXGroup;
			children = (
				3AFBF3832361EC5E00522537 /* ControllerApp */,
				3AFBF3822361EC5E00522537 /* Products */,
			);
			sourceTree = "<group>";
		};
		3AFBF3822361EC5E00522537 /* Products */ = {
			isa = PBXGroup;
			children = (
				3AFBF3812361EC5E00522537 /* ControllerApp.app */,
			);
			name = Products;
			sourceTree = "<group>";
		};
		3AFBF3832361EC5E00522537 /* ControllerApp */ = {
			isa = PBXGroup;
			children = (
				3AFBF3842361EC5E00522537 /* AppDelegate.swift */,
				3AFBF3862361EC5E00522537 /* ContentView.swift */,
				3AFBF3972361EF6B00522537 /* DriverHelper.swift */,
				3A2828FE2365D75B00CC93FA /* IOUSBDetector.swift */,
				3A2829022366EBBD00CC93FA /* Model */,
				3AFBF3882361EC6100522537 /* Assets.xcassets */,
				3AFBF38D2361EC6100522537 /* Main.storyboard */,
				3AFBF3902361EC6100522537 /* Info.plist */,
				3AFBF3912361EC6100522537 /* ControllerApp.entitlements */,
				3AFBF38A2361EC6100522537 /* Preview Content */,
			);
			path = ControllerApp;
			sourceTree = "<group>";
		};
		3AFBF38A2361EC6100522537 /* Preview Content */ = {
			isa = PBXGroup;
			children = (
				3AFBF38B2361EC6100522537 /* Preview Assets.xcassets */,
			);
			path = "Preview Content";
			sourceTree = "<group>";
		};
/* End PBXGroup section */

/* Begin PBXNativeTarget section */
		3AFBF3802361EC5E00522537 /* ControllerApp */ = {
			isa = PBXNativeTarget;
			buildConfigurationList = 3AFBF3942361EC6100522537 /* Build configuration list for PBXNativeTarget "ControllerApp" */;
			buildPhases = (
				3AFBF37D2361EC5E00522537 /* Sources */,
				3AFBF37E2361EC5E00522537 /* Frameworks */,
				3AFBF37F2361EC5E00522537 /* Resources */,
			);
			buildRules = (
			);
			dependencies = (
			);
			name = ControllerApp;
			productName = ControllerApp;
			productReference = 3AFBF3812361EC5E00522537 /* ControllerApp.app */;
			productType = "com.apple.product-type.application";
		};
/* End PBXNativeTarget section */

/* Begin PBXProject section */
		3AFBF3792361EC5E00522537 /* Project object */ = {
			isa = PBXProject;
			attributes = {
				LastSwiftUpdateCheck = 1100;
				LastUpgradeCheck = 1100;
				ORGANIZATIONNAME = GalvinLi;
				TargetAttributes = {
					3AFBF3802361EC5E00522537 = {
						CreatedOnToolsVersion = 11.0;
					};
				};
			};
			buildConfigurationList = 3AFBF37C2361EC5E00522537 /* Build configuration list for PBXProject "ControllerApp" */;
			compatibilityVersion = "Xcode 9.3";
			developmentRegion = en;
			hasScannedForEncodings = 0;
			knownRegions = (
				en,
				Base,
			);
			mainGroup = 3AFBF3782361EC5E00522537;
			productRefGroup = 3AFBF3822361EC5E00522537 /* Products */;
			projectDirPath = "";
			projectRoot = "";
			targets = (
				3AFBF3802361EC5E00522537 /* ControllerApp */,
			);
		};
/* End PBXProject section */

/* Begin PBXResourcesBuildPhase section */
		3AFBF37F2361EC5E00522537 /* Resources */ = {
			isa = PBXResourcesBuildPhase;
			buildActionMask = 2147483647;
			files = (
				3AFBF38F2361EC6100522537 /* Main.storyboard in Resources */,
				3AFBF38C2361EC6100522537 /* Preview Assets.xcassets in Resources */,
				3AFBF3892361EC6100522537 /* Assets.xcassets in Resources */,
			);
			runOnlyForDeploymentPostprocessing = 0;
		};
/* End PBXResourcesBuildPhase section */

/* Begin PBXSourcesBuildPhase section */
		3AFBF37D2361EC5E00522537 /* Sources */ = {
			isa = PBXSourcesBuildPhase;
			buildActionMask = 2147483647;
			files = (
				3AFBF3982361EF6B00522537 /* DriverHelper.swift in Sources */,
				3AFBF3872361EC5E00522537 /* ContentView.swift in Sources */,
				3A2828FF2365D75B00CC93FA /* IOUSBDetector.swift in Sources */,
				3AFBF3852361EC5E00522537 /* AppDelegate.swift in Sources */,
				3A2829012366EBB800CC93FA /* Device.swift in Sources */,
			);
			runOnlyForDeploymentPostprocessing = 0;
		};
/* End PBXSourcesBuildPhase section */

/* Begin PBXVariantGroup section */
		3AFBF38D2361EC6100522537 /* Main.storyboard */ = {
			isa = PBXVariantGroup;
			children = (
				3AFBF38E2361EC6100522537 /* Base */,
			);
			name = Main.storyboard;
			sourceTree = "<group>";
		};
/* End PBXVariantGroup section */

/* Begin XCBuildConfiguration section */
		3AFBF3922361EC6100522537 /* Debug */ = {
			isa = XCBuildConfiguration;
			buildSettings = {
				ALWAYS_SEARCH_USER_PATHS = NO;
				CLANG_ANALYZER_NONNULL = YES;
				CLANG_ANALYZER_NUMBER_OBJECT_CONVERSION = YES_AGGRESSIVE;
				CLANG_CXX_LANGUAGE_STANDARD = "gnu++14";
				CLANG_CXX_LIBRARY = "libc++";
				CLANG_ENABLE_MODULES = YES;
				CLANG_ENABLE_OBJC_ARC = YES;
				CLANG_ENABLE_OBJC_WEAK = YES;
				CLANG_WARN_BLOCK_CAPTURE_AUTORELEASING = YES;
				CLANG_WARN_BOOL_CONVERSION = YES;
				CLANG_WARN_COMMA = YES;
				CLANG_WARN_CONSTANT_CONVERSION = YES;
				CLANG_WARN_DEPRECATED_OBJC_IMPLEMENTATIONS = YES;
				CLANG_WARN_DIRECT_OBJC_ISA_USAGE = YES_ERROR;
				CLANG_WARN_DOCUMENTATION_COMMENTS = YES;
				CLANG_WARN_EMPTY_BODY = YES;
				CLANG_WARN_ENUM_CONVERSION = YES;
				CLANG_WARN_INFINITE_RECURSION = YES;
				CLANG_WARN_INT_CONVERSION = YES;
				CLANG_WARN_NON_LITERAL_NULL_CONVERSION = YES;
				CLANG_WARN_OBJC_IMPLICIT_RETAIN_SELF = YES;
				CLANG_WARN_OBJC_LITERAL_CONVERSION = YES;
				CLANG_WARN_OBJC_ROOT_CLASS = YES_ERROR;
				CLANG_WARN_RANGE_LOOP_ANALYSIS = YES;
				CLANG_WARN_STRICT_PROTOTYPES = YES;
				CLANG_WARN_SUSPICIOUS_MOVE = YES;
				CLANG_WARN_UNGUARDED_AVAILABILITY = YES_AGGRESSIVE;
				CLANG_WARN_UNREACHABLE_CODE = YES;
				CLANG_WARN__DUPLICATE_METHOD_MATCH = YES;
				COPY_PHASE_STRIP = NO;
				DEBUG_INFORMATION_FORMAT = dwarf;
				ENABLE_STRICT_OBJC_MSGSEND = YES;
				ENABLE_TESTABILITY = YES;
				GCC_C_LANGUAGE_STANDARD = gnu11;
				GCC_DYNAMIC_NO_PIC = NO;
				GCC_NO_COMMON_BLOCKS = YES;
				GCC_OPTIMIZATION_LEVEL = 0;
				GCC_PREPROCESSOR_DEFINITIONS = (
					"DEBUG=1",
					"$(inherited)",
				);
				GCC_WARN_64_TO_32_BIT_CONVERSION = YES;
				GCC_WARN_ABOUT_RETURN_TYPE = YES_ERROR;
				GCC_WARN_UNDECLARED_SELECTOR = YES;
				GCC_WARN_UNINITIALIZED_AUTOS = YES_AGGRESSIVE;
				GCC_WARN_UNUSED_FUNCTION = YES;
				GCC_WARN_UNUSED_VARIABLE = YES;
				MACOSX_DEPLOYMENT_TARGET = 10.15;
				MTL_ENABLE_DEBUG_INFO = INCLUDE_SOURCE;
				MTL_FAST_MATH = YES;
				ONLY_ACTIVE_ARCH = YES;
				SDKROOT = macosx;
				SWIFT_ACTIVE_COMPILATION_CONDITIONS = DEBUG;
				SWIFT_OPTIMIZATION_LEVEL = "-Onone";
			};
			name = Debug;
		};
		3AFBF3932361EC6100522537 /* Release */ = {
			isa = XCBuildConfiguration;
			buildSettings = {
				ALWAYS_SEARCH_USER_PATHS = NO;
				CLANG_ANALYZER_NONNULL = YES;
				CLANG_ANALYZER_NUMBER_OBJECT_CONVERSION = YES_AGGRESSIVE;
				CLANG_CXX_LANGUAGE_STANDARD = "gnu++14";
				CLANG_CXX_LIBRARY = "libc++";
				CLANG_ENABLE_MODULES = YES;
				CLANG_ENABLE_OBJC_ARC = YES;
				CLANG_ENABLE_OBJC_WEAK = YES;
				CLANG_WARN_BLOCK_CAPTURE_AUTORELEASING = YES;
				CLANG_WARN_BOOL_CONVERSION = YES;
				CLANG_WARN_COMMA = YES;
				CLANG_WARN_CONSTANT_CONVERSION = YES;
				CLANG_WARN_DEPRECATED_OBJC_IMPLEMENTATIONS = YES;
				CLANG_WARN_DIRECT_OBJC_ISA_USAGE = YES_ERROR;
				CLANG_WARN_DOCUMENTATION_COMMENTS = YES;
				CLANG_WARN_EMPTY_BODY = YES;
				CLANG_WARN_ENUM_CONVERSION = YES;
				CLANG_WARN_INFINITE_RECURSION = YES;
				CLANG_WARN_INT_CONVERSION = YES;
				CLANG_WARN_NON_LITERAL_NULL_CONVERSION = YES;
				CLANG_WARN_OBJC_IMPLICIT_RETAIN_SELF = YES;
				CLANG_WARN_OBJC_LITERAL_CONVERSION = YES;
				CLANG_WARN_OBJC_ROOT_CLASS = YES_ERROR;
				CLANG_WARN_RANGE_LOOP_ANALYSIS = YES;
				CLANG_WARN_STRICT_PROTOTYPES = YES;
				CLANG_WARN_SUSPICIOUS_MOVE = YES;
				CLANG_WARN_UNGUARDED_AVAILABILITY = YES_AGGRESSIVE;
				CLANG_WARN_UNREACHABLE_CODE = YES;
				CLANG_WARN__DUPLICATE_METHOD_MATCH = YES;
				COPY_PHASE_STRIP = NO;
				DEBUG_INFORMATION_FORMAT = "dwarf-with-dsym";
				ENABLE_NS_ASSERTIONS = NO;
				ENABLE_STRICT_OBJC_MSGSEND = YES;
				GCC_C_LANGUAGE_STANDARD = gnu11;
				GCC_NO_COMMON_BLOCKS = YES;
				GCC_WARN_64_TO_32_BIT_CONVERSION = YES;
				GCC_WARN_ABOUT_RETURN_TYPE = YES_ERROR;
				GCC_WARN_UNDECLARED_SELECTOR = YES;
				GCC_WARN_UNINITIALIZED_AUTOS = YES_AGGRESSIVE;
				GCC_WARN_UNUSED_FUNCTION = YES;
				GCC_WARN_UNUSED_VARIABLE = YES;
				MACOSX_DEPLOYMENT_TARGET = 10.15;
				MTL_ENABLE_DEBUG_INFO = NO;
				MTL_FAST_MATH = YES;
				SDKROOT = macosx;
				SWIFT_COMPILATION_MODE = wholemodule;
				SWIFT_OPTIMIZATION_LEVEL = "-O";
			};
			name = Release;
		};
		3AFBF3952361EC6100522537 /* Debug */ = {
			isa = XCBuildConfiguration;
			buildSettings = {
				ASSETCATALOG_COMPILER_APPICON_NAME = AppIcon;
				CODE_SIGN_ENTITLEMENTS = ControllerApp/ControllerApp.entitlements;
				CODE_SIGN_STYLE = Automatic;
				COMBINE_HIDPI_IMAGES = YES;
				DEVELOPMENT_ASSET_PATHS = "\"ControllerApp/Preview Content\"";
				DEVELOPMENT_TEAM = 52G28TQG59;
				ENABLE_HARDENED_RUNTIME = YES;
				ENABLE_PREVIEWS = YES;
				INFOPLIST_FILE = ControllerApp/Info.plist;
				LD_RUNPATH_SEARCH_PATHS = (
					"$(inherited)",
					"@executable_path/../Frameworks",
				);
				MACOSX_DEPLOYMENT_TARGET = 10.15;
				PRODUCT_BUNDLE_IDENTIFIER = com.galvin.ControllerApp;
				PRODUCT_NAME = "$(TARGET_NAME)";
				SWIFT_VERSION = 5.0;
			};
			name = Debug;
		};
		3AFBF3962361EC6100522537 /* Release */ = {
			isa = XCBuildConfiguration;
			buildSettings = {
				ASSETCATALOG_COMPILER_APPICON_NAME = AppIcon;
				CODE_SIGN_ENTITLEMENTS = ControllerApp/ControllerApp.entitlements;
				CODE_SIGN_STYLE = Automatic;
				COMBINE_HIDPI_IMAGES = YES;
				DEVELOPMENT_ASSET_PATHS = "\"ControllerApp/Preview Content\"";
				DEVELOPMENT_TEAM = 52G28TQG59;
				ENABLE_HARDENED_RUNTIME = YES;
				ENABLE_PREVIEWS = YES;
				INFOPLIST_FILE = ControllerApp/Info.plist;
				LD_RUNPATH_SEARCH_PATHS = (
					"$(inherited)",
					"@executable_path/../Frameworks",
				);
				MACOSX_DEPLOYMENT_TARGET = 10.15;
				PRODUCT_BUNDLE_IDENTIFIER = com.galvin.ControllerApp;
				PRODUCT_NAME = "$(TARGET_NAME)";
				SWIFT_VERSION = 5.0;
			};
			name = Release;
		};
/* End XCBuildConfiguration section */

/* Begin XCConfigurationList section */
		3AFBF37C2361EC5E00522537 /* Build configuration list for PBXProject "ControllerApp" */ = {
			isa = XCConfigurationList;
			buildConfigurations = (
				3AFBF3922361EC6100522537 /* Debug */,
				3AFBF3932361EC6100522537 /* Release */,
			);
			defaultConfigurationIsVisible = 0;
			defaultConfigurationName = Release;
		};
		3AFBF3942361EC6100522537 /* Build configuration list for PBXNativeTarget "ControllerApp" */ = {
			isa = XCConfigurationList;
			buildConfigurations = (
				3AFBF3952361EC6100522537 /* Debug */,
				3AFBF3962361EC6100522537 /* Release */,
			);
			defaultConfigurationIsVisible = 0;
			defaultConfigurationName = Release;
		};
/* End XCConfigurationList section */
	};
	rootObject = 3AFBF3792361EC5E00522537 /* Project object */;
}
